
Microsoft Visual Studio Solution File, Format Version 12.00
# Visual Studio 15
VisualStudioVersion = 15.0.28307.1525
MinimumVisualStudioVersion = 10.0.40219.1
Project("{FAE04EC0-301F-11D3-BF4B-00C04F79EFBC}") = "Bigchool1", "Bigchool1\Bigchool1.csproj", "{0F3FBB89-D0C8-46B1-8097-E7314BEE0721}"
EndProject
Global
	GlobalSection(SolutionConfigurationPlatforms) = preSolution
		Debug|Any CPU = Debug|Any CPU
		Release|Any CPU = Release|Any CPU
	EndGlobalSection
	GlobalSection(ProjectConfigurationPlatforms) = postSolution
		{0F3FBB89-D0C8-46B1-8097-E7314BEE0721}.Debug|Any CPU.ActiveCfg = Debug|Any CPU
		{0F3FBB89-D0C8-46B1-8097-E7314BEE0721}.Debug|Any CPU.Build.0 = Debug|Any CPU
		{0F3FBB89-D0C8-46B1-8097-E7314BEE0721}.Release|Any CPU.ActiveCfg = Release|Any CPU
		{0F3FBB89-D0C8-46B1-8097-E7314BEE0721}.Release|Any CPU.Build.0 = Release|Any CPU
	EndGlobalSection
	GlobalSection(SolutionProperties) = preSolution
		HideSolutionNode = FALSE
	EndGlobalSection
	GlobalSection(ExtensibilityGlobals) = postSolution
		SolutionGuid = {9E609681-CCF7-439C-996E-12622AEA7CC0}
	EndGlobalSection
EndGlobal
